// !$*UTF8*$!
{
	archiveVersion = 1;
	classes = {
	};
	objectVersion = 77;
	objects = {

/* Begin PBXContainerItemProxy section */
		B69CB9532D01D0E50066E762 /* PBXContainerItemProxy */ = {
			isa = PBXContainerItemProxy;
			containerPortal = B69CB93A2D01D0E40066E762 /* Project object */;
			proxyType = 1;
			remoteGlobalIDString = B69CB9412D01D0E40066E762;
			remoteInfo = ValidatePostalcode;
		};
		B69CB95D2D01D0E50066E762 /* PBXContainerItemProxy */ = {
			isa = PBXContainerItemProxy;
			containerPortal = B69CB93A2D01D0E40066E762 /* Project object */;
			proxyType = 1;
			remoteGlobalIDString = B69CB9412D01D0E40066E762;
			remoteInfo = ValidatePostalcode;
		};
/* End PBXContainerItemProxy section */

/* Begin PBXFileReference section */
		B69CB9422D01D0E40066E762 /* ValidatePostalcode.app */ = {isa = PBXFileReference; explicitFileType = wrapper.application; includeInIndex = 0; path = ValidatePostalcode.app; sourceTree = BUILT_PRODUCTS_DIR; };
		B69CB9522D01D0E50066E762 /* ValidatePostalcodeTests.xctest */ = {isa = PBXFileReference; explicitFileType = wrapper.cfbundle; includeInIndex = 0; path = ValidatePostalcodeTests.xctest; sourceTree = BUILT_PRODUCTS_DIR; };
		B69CB95C2D01D0E50066E762 /* ValidatePostalcodeUITests.xctest */ = {isa = PBXFileReference; explicitFileType = wrapper.cfbundle; includeInIndex = 0; path = ValidatePostalcodeUITests.xctest; sourceTree = BUILT_PRODUCTS_DIR; };
/* End PBXFileReference section */

/* Begin PBXFileSystemSynchronizedRootGroup section */
		B69CB9442D01D0E40066E762 /* ValidatePostalcode */ = {
			isa = PBXFileSystemSynchronizedRootGroup;
			path = ValidatePostalcode;
			sourceTree = "<group>";
		};
		B69CB9552D01D0E50066E762 /* ValidatePostalcodeTests */ = {
			isa = PBXFileSystemSynchronizedRootGroup;
			path = ValidatePostalcodeTests;
			sourceTree = "<group>";
		};
		B69CB95F2D01D0E50066E762 /* ValidatePostalcodeUITests */ = {
			isa = PBXFileSystemSynchronizedRootGroup;
			path = ValidatePostalcodeUITests;
			sourceTree = "<group>";
		};
/* End PBXFileSystemSynchronizedRootGroup section */

/* Begin PBXFrameworksBuildPhase section */
		B69CB93F2D01D0E40066E762 /* Frameworks */ = {
			isa = PBXFrameworksBuildPhase;
			buildActionMask = 2147483647;
			files = (
			);
			runOnlyForDeploymentPostprocessing = 0;
		};
		B69CB94F2D01D0E50066E762 /* Frameworks */ = {
			isa = PBXFrameworksBuildPhase;
			buildActionMask = 2147483647;
			files = (
			);
			runOnlyForDeploymentPostprocessing = 0;
		};
		B69CB9592D01D0E50066E762 /* Frameworks */ = {
			isa = PBXFrameworksBuildPhase;
			buildActionMask = 2147483647;
			files = (
			);
			runOnlyForDeploymentPostprocessing = 0;
		};
/* End PBXFrameworksBuildPhase section */

/* Begin PBXGroup section */
		B69CB9392D01D0E40066E762 = {
			isa = PBXGroup;
			children = (
				B69CB9442D01D0E40066E762 /* ValidatePostalcode */,
				B69CB9552D01D0E50066E762 /* ValidatePostalcodeTests */,
				B69CB95F2D01D0E50066E762 /* ValidatePostalcodeUITests */,
				B69CB9432D01D0E40066E762 /* Products */,
			);
			sourceTree = "<group>";
		};
		B69CB9432D01D0E40066E762 /* Products */ = {
			isa = PBXGroup;
			children = (
				B69CB9422D01D0E40066E762 /* ValidatePostalcode.app */,
				B69CB9522D01D0E50066E762 /* ValidatePostalcodeTests.xctest */,
				B69CB95C2D01D0E50066E762 /* ValidatePostalcodeUITests.xctest */,
			);
			name = Products;
			sourceTree = "<group>";
		};
/* End PBXGroup section */

/* Begin PBXNativeTarget section */
		B69CB9412D01D0E40066E762 /* ValidatePostalcode */ = {
			isa = PBXNativeTarget;
			buildConfigurationList = B69CB9662D01D0E50066E762 /* Build configuration list for PBXNativeTarget "ValidatePostalcode" */;
			buildPhases = (
				B69CB93E2D01D0E40066E762 /* Sources */,
				B69CB93F2D01D0E40066E762 /* Frameworks */,
				B69CB9402D01D0E40066E762 /* Resources */,
			);
			buildRules = (
			);
			dependencies = (
			);
			fileSystemSynchronizedGroups = (
				B69CB9442D01D0E40066E762 /* ValidatePostalcode */,
			);
			name = ValidatePostalcode;
			packageProductDependencies = (
			);
			productName = ValidatePostalcode;
			productReference = B69CB9422D01D0E40066E762 /* ValidatePostalcode.app */;
			productType = "com.apple.product-type.application";
		};
		B69CB9512D01D0E50066E762 /* ValidatePostalcodeTests */ = {
			isa = PBXNativeTarget;
			buildConfigurationList = B69CB9692D01D0E50066E762 /* Build configuration list for PBXNativeTarget "ValidatePostalcodeTests" */;
			buildPhases = (
				B69CB94E2D01D0E50066E762 /* Sources */,
				B69CB94F2D01D0E50066E762 /* Frameworks */,
				B69CB9502D01D0E50066E762 /* Resources */,
			);
			buildRules = (
			);
			dependencies = (
				B69CB9542D01D0E50066E762 /* PBXTargetDependency */,
			);
			fileSystemSynchronizedGroups = (
				B69CB9552D01D0E50066E762 /* ValidatePostalcodeTests */,
			);
			name = ValidatePostalcodeTests;
			packageProductDependencies = (
			);
			productName = ValidatePostalcodeTests;
			productReference = B69CB9522D01D0E50066E762 /* ValidatePostalcodeTests.xctest */;
			productType = "com.apple.product-type.bundle.unit-test";
		};
		B69CB95B2D01D0E50066E762 /* ValidatePostalcodeUITests */ = {
			isa = PBXNativeTarget;
			buildConfigurationList = B69CB96C2D01D0E50066E762 /* Build configuration list for PBXNativeTarget "ValidatePostalcodeUITests" */;
			buildPhases = (
				B69CB9582D01D0E50066E762 /* Sources */,
				B69CB9592D01D0E50066E762 /* Frameworks */,
				B69CB95A2D01D0E50066E762 /* Resources */,
			);
			buildRules = (
			);
			dependencies = (
				B69CB95E2D01D0E50066E762 /* PBXTargetDependency */,
			);
			fileSystemSynchronizedGroups = (
				B69CB95F2D01D0E50066E762 /* ValidatePostalcodeUITests */,
			);
			name = ValidatePostalcodeUITests;
			packageProductDependencies = (
			);
			productName = ValidatePostalcodeUITests;
			productReference = B69CB95C2D01D0E50066E762 /* ValidatePostalcodeUITests.xctest */;
			productType = "com.apple.product-type.bundle.ui-testing";
		};
/* End PBXNativeTarget section */

/* Begin PBXProject section */
		B69CB93A2D01D0E40066E762 /* Project object */ = {
			isa = PBXProject;
			attributes = {
				BuildIndependentTargetsInParallel = 1;
				LastSwiftUpdateCheck = 1610;
				LastUpgradeCheck = 1610;
				TargetAttributes = {
					B69CB9412D01D0E40066E762 = {
						CreatedOnToolsVersion = 16.1;
					};
					B69CB9512D01D0E50066E762 = {
						CreatedOnToolsVersion = 16.1;
						TestTargetID = B69CB9412D01D0E40066E762;
					};
					B69CB95B2D01D0E50066E762 = {
						CreatedOnToolsVersion = 16.1;
						TestTargetID = B69CB9412D01D0E40066E762;
					};
				};
			};
			buildConfigurationList = B69CB93D2D01D0E40066E762 /* Build configuration list for PBXProject "ValidatePostalcode" */;
			developmentRegion = en;
			hasScannedForEncodings = 0;
			knownRegions = (
				en,
				Base,
			);
			mainGroup = B69CB9392D01D0E40066E762;
			minimizedProjectReferenceProxies = 1;
			preferredProjectObjectVersion = 77;
			productRefGroup = B69CB9432D01D0E40066E762 /* Products */;
			projectDirPath = "";
			projectRoot = "";
			targets = (
				B69CB9412D01D0E40066E762 /* ValidatePostalcode */,
				B69CB9512D01D0E50066E762 /* ValidatePostalcodeTests */,
				B69CB95B2D01D0E50066E762 /* ValidatePostalcodeUITests */,
			);
		};
/* End PBXProject section */

/* Begin PBXResourcesBuildPhase section */
		B69CB9402D01D0E40066E762 /* Resources */ = {
			isa = PBXResourcesBuildPhase;
			buildActionMask = 2147483647;
			files = (
			);
			runOnlyForDeploymentPostprocessing = 0;
		};
		B69CB9502D01D0E50066E762 /* Resources */ = {
			isa = PBXResourcesBuildPhase;
			buildActionMask = 2147483647;
			files = (
			);
			runOnlyForDeploymentPostprocessing = 0;
		};
		B69CB95A2D01D0E50066E762 /* Resources */ = {
			isa = PBXResourcesBuildPhase;
			buildActionMask = 2147483647;
			files = (
			);
			runOnlyForDeploymentPostprocessing = 0;
		};
/* End PBXResourcesBuildPhase section */

/* Begin PBXSourcesBuildPhase section */
		B69CB93E2D01D0E40066E762 /* Sources */ = {
			isa = PBXSourcesBuildPhase;
			buildActionMask = 2147483647;
			files = (
			);
			runOnlyForDeploymentPostprocessing = 0;
		};
		B69CB94E2D01D0E50066E762 /* Sources */ = {
			isa = PBXSourcesBuildPhase;
			buildActionMask = 2147483647;
			files = (
			);
			runOnlyForDeploymentPostprocessing = 0;
		};
		B69CB9582D01D0E50066E762 /* Sources */ = {
			isa = PBXSourcesBuildPhase;
			buildActionMask = 2147483647;
			files = (
			);
			runOnlyForDeploymentPostprocessing = 0;
		};
/* End PBXSourcesBuildPhase section */

/* Begin PBXTargetDependency section */
		B69CB9542D01D0E50066E762 /* PBXTargetDependency */ = {
			isa = PBXTargetDependency;
			target = B69CB9412D01D0E40066E762 /* ValidatePostalcode */;
			targetProxy = B69CB9532D01D0E50066E762 /* PBXContainerItemProxy */;
		};
		B69CB95E2D01D0E50066E762 /* PBXTargetDependency */ = {
			isa = PBXTargetDependency;
			target = B69CB9412D01D0E40066E762 /* ValidatePostalcode */;
			targetProxy = B69CB95D2D01D0E50066E762 /* PBXContainerItemProxy */;
		};
/* End PBXTargetDependency section */

/* Begin XCBuildConfiguration section */
		B69CB9642D01D0E50066E762 /* Debug */ = {
			isa = XCBuildConfiguration;
			buildSettings = {
				ALWAYS_SEARCH_USER_PATHS = NO;
				ASSETCATALOG_COMPILER_GENERATE_SWIFT_ASSET_SYMBOL_EXTENSIONS = YES;
				CLANG_ANALYZER_NONNULL = YES;
				CLANG_ANALYZER_NUMBER_OBJECT_CONVERSION = YES_AGGRESSIVE;
				CLANG_CXX_LANGUAGE_STANDARD = "gnu++20";
				CLANG_ENABLE_MODULES = YES;
				CLANG_ENABLE_OBJC_ARC = YES;
				CLANG_ENABLE_OBJC_WEAK = YES;
				CLANG_WARN_BLOCK_CAPTURE_AUTORELEASING = YES;
				CLANG_WARN_BOOL_CONVERSION = YES;
				CLANG_WARN_COMMA = YES;
				CLANG_WARN_CONSTANT_CONVERSION = YES;
				CLANG_WARN_DEPRECATED_OBJC_IMPLEMENTATIONS = YES;
				CLANG_WARN_DIRECT_OBJC_ISA_USAGE = YES_ERROR;
				CLANG_WARN_DOCUMENTATION_COMMENTS = YES;
				CLANG_WARN_EMPTY_BODY = YES;
				CLANG_WARN_ENUM_CONVERSION = YES;
				CLANG_WARN_INFINITE_RECURSION = YES;
				CLANG_WARN_INT_CONVERSION = YES;
				CLANG_WARN_NON_LITERAL_NULL_CONVERSION = YES;
				CLANG_WARN_OBJC_IMPLICIT_RETAIN_SELF = YES;
				CLANG_WARN_OBJC_LITERAL_CONVERSION = YES;
				CLANG_WARN_OBJC_ROOT_CLASS = YES_ERROR;
				CLANG_WARN_QUOTED_INCLUDE_IN_FRAMEWORK_HEADER = YES;
				CLANG_WARN_RANGE_LOOP_ANALYSIS = YES;
				CLANG_WARN_STRICT_PROTOTYPES = YES;
				CLANG_WARN_SUSPICIOUS_MOVE = YES;
				CLANG_WARN_UNGUARDED_AVAILABILITY = YES_AGGRESSIVE;
				CLANG_WARN_UNREACHABLE_CODE = YES;
				CLANG_WARN__DUPLICATE_METHOD_MATCH = YES;
				COPY_PHASE_STRIP = NO;
				DEBUG_INFORMATION_FORMAT = dwarf;
				ENABLE_STRICT_OBJC_MSGSEND = YES;
				ENABLE_TESTABILITY = YES;
				ENABLE_USER_SCRIPT_SANDBOXING = YES;
				GCC_C_LANGUAGE_STANDARD = gnu17;
				GCC_DYNAMIC_NO_PIC = NO;
				GCC_NO_COMMON_BLOCKS = YES;
				GCC_OPTIMIZATION_LEVEL = 0;
				GCC_PREPROCESSOR_DEFINITIONS = (
					"DEBUG=1",
					"$(inherited)",
				);
				GCC_WARN_64_TO_32_BIT_CONVERSION = YES;
				GCC_WARN_ABOUT_RETURN_TYPE = YES_ERROR;
				GCC_WARN_UNDECLARED_SELECTOR = YES;
				GCC_WARN_UNINITIALIZED_AUTOS = YES_AGGRESSIVE;
				GCC_WARN_UNUSED_FUNCTION = YES;
				GCC_WARN_UNUSED_VARIABLE = YES;
				IPHONEOS_DEPLOYMENT_TARGET = 18.1;
				LOCALIZATION_PREFERS_STRING_CATALOGS = YES;
				MTL_ENABLE_DEBUG_INFO = INCLUDE_SOURCE;
				MTL_FAST_MATH = YES;
				ONLY_ACTIVE_ARCH = YES;
				SDKROOT = iphoneos;
				SWIFT_ACTIVE_COMPILATION_CONDITIONS = "DEBUG $(inherited)";
				SWIFT_OPTIMIZATION_LEVEL = "-Onone";
			};
			name = Debug;
		};
		B69CB9652D01D0E50066E762 /* Release */ = {
			isa = XCBuildConfiguration;
			buildSettings = {
				ALWAYS_SEARCH_USER_PATHS = NO;
				ASSETCATALOG_COMPILER_GENERATE_SWIFT_ASSET_SYMBOL_EXTENSIONS = YES;
				CLANG_ANALYZER_NONNULL = YES;
				CLANG_ANALYZER_NUMBER_OBJECT_CONVERSION = YES_AGGRESSIVE;
				CLANG_CXX_LANGUAGE_STANDARD = "gnu++20";
				CLANG_ENABLE_MODULES = YES;
				CLANG_ENABLE_OBJC_ARC = YES;
				CLANG_ENABLE_OBJC_WEAK = YES;
				CLANG_WARN_BLOCK_CAPTURE_AUTORELEASING = YES;
				CLANG_WARN_BOOL_CONVERSION = YES;
				CLANG_WARN_COMMA = YES;
				CLANG_WARN_CONSTANT_CONVERSION = YES;
				CLANG_WARN_DEPRECATED_OBJC_IMPLEMENTATIONS = YES;
				CLANG_WARN_DIRECT_OBJC_ISA_USAGE = YES_ERROR;
				CLANG_WARN_DOCUMENTATION_COMMENTS = YES;
				CLANG_WARN_EMPTY_BODY = YES;
				CLANG_WARN_ENUM_CONVERSION = YES;
				CLANG_WARN_INFINITE_RECURSION = YES;
				CLANG_WARN_INT_CONVERSION = YES;
				CLANG_WARN_NON_LITERAL_NULL_CONVERSION = YES;
				CLANG_WARN_OBJC_IMPLICIT_RETAIN_SELF = YES;
				CLANG_WARN_OBJC_LITERAL_CONVERSION = YES;
				CLANG_WARN_OBJC_ROOT_CLASS = YES_ERROR;
				CLANG_WARN_QUOTED_INCLUDE_IN_FRAMEWORK_HEADER = YES;
				CLANG_WARN_RANGE_LOOP_ANALYSIS = YES;
				CLANG_WARN_STRICT_PROTOTYPES = YES;
				CLANG_WARN_SUSPICIOUS_MOVE = YES;
				CLANG_WARN_UNGUARDED_AVAILABILITY = YES_AGGRESSIVE;
				CLANG_WARN_UNREACHABLE_CODE = YES;
				CLANG_WARN__DUPLICATE_METHOD_MATCH = YES;
				COPY_PHASE_STRIP = NO;
				DEBUG_INFORMATION_FORMAT = "dwarf-with-dsym";
				ENABLE_NS_ASSERTIONS = NO;
				ENABLE_STRICT_OBJC_MSGSEND = YES;
				ENABLE_USER_SCRIPT_SANDBOXING = YES;
				GCC_C_LANGUAGE_STANDARD = gnu17;
				GCC_NO_COMMON_BLOCKS = YES;
				GCC_WARN_64_TO_32_BIT_CONVERSION = YES;
				GCC_WARN_ABOUT_RETURN_TYPE = YES_ERROR;
				GCC_WARN_UNDECLARED_SELECTOR = YES;
				GCC_WARN_UNINITIALIZED_AUTOS = YES_AGGRESSIVE;
				GCC_WARN_UNUSED_FUNCTION = YES;
				GCC_WARN_UNUSED_VARIABLE = YES;
				IPHONEOS_DEPLOYMENT_TARGET = 18.1;
				LOCALIZATION_PREFERS_STRING_CATALOGS = YES;
				MTL_ENABLE_DEBUG_INFO = NO;
				MTL_FAST_MATH = YES;
				SDKROOT = iphoneos;
				SWIFT_COMPILATION_MODE = wholemodule;
				VALIDATE_PRODUCT = YES;
			};
			name = Release;
		};
		B69CB9672D01D0E50066E762 /* Debug */ = {
			isa = XCBuildConfiguration;
			buildSettings = {
				ASSETCATALOG_COMPILER_APPICON_NAME = AppIcon;
				ASSETCATALOG_COMPILER_GLOBAL_ACCENT_COLOR_NAME = AccentColor;
				CODE_SIGN_STYLE = Automatic;
				CURRENT_PROJECT_VERSION = 1;
				DEVELOPMENT_ASSET_PATHS = "\"ValidatePostalcode/Preview Content\"";
				DEVELOPMENT_TEAM = 73XTRV58A2;
				ENABLE_PREVIEWS = YES;
				GENERATE_INFOPLIST_FILE = YES;
				INFOPLIST_KEY_UIApplicationSceneManifest_Generation = YES;
				INFOPLIST_KEY_UIApplicationSupportsIndirectInputEvents = YES;
				INFOPLIST_KEY_UILaunchScreen_Generation = YES;
				INFOPLIST_KEY_UISupportedInterfaceOrientations_iPad = "UIInterfaceOrientationPortrait UIInterfaceOrientationPortraitUpsideDown UIInterfaceOrientationLandscapeLeft UIInterfaceOrientationLandscapeRight";
				INFOPLIST_KEY_UISupportedInterfaceOrientations_iPhone = "UIInterfaceOrientationPortrait UIInterfaceOrientationLandscapeLeft UIInterfaceOrientationLandscapeRight";
				LD_RUNPATH_SEARCH_PATHS = (
					"$(inherited)",
					"@executable_path/Frameworks",
				);
				MARKETING_VERSION = 1.0;
				PRODUCT_BUNDLE_IDENTIFIER = "com.secondmove.-animatedimages.ValidatePostalcode";
				PRODUCT_NAME = "$(TARGET_NAME)";
				SWIFT_EMIT_LOC_STRINGS = YES;
				SWIFT_VERSION = 5.0;
				TARGETED_DEVICE_FAMILY = "1,2";
			};
			name = Debug;
		};
		B69CB9682D01D0E50066E762 /* Release */ = {
			isa = XCBuildConfiguration;
			buildSettings = {
				ASSETCATALOG_COMPILER_APPICON_NAME = AppIcon;
				ASSETCATALOG_COMPILER_GLOBAL_ACCENT_COLOR_NAME = AccentColor;
				CODE_SIGN_STYLE = Automatic;
				CURRENT_PROJECT_VERSION = 1;
				DEVELOPMENT_ASSET_PATHS = "\"ValidatePostalcode/Preview Content\"";
				DEVELOPMENT_TEAM = 73XTRV58A2;
				ENABLE_PREVIEWS = YES;
				GENERATE_INFOPLIST_FILE = YES;
				INFOPLIST_KEY_UIApplicationSceneManifest_Generation = YES;
				INFOPLIST_KEY_UIApplicationSupportsIndirectInputEvents = YES;
				INFOPLIST_KEY_UILaunchScreen_Generation = YES;
				INFOPLIST_KEY_UISupportedInterfaceOrientations_iPad = "UIInterfaceOrientationPortrait UIInterfaceOrientationPortraitUpsideDown UIInterfaceOrientationLandscapeLeft UIInterfaceOrientationLandscapeRight";
				INFOPLIST_KEY_UISupportedInterfaceOrientations_iPhone = "UIInterfaceOrientationPortrait UIInterfaceOrientationLandscapeLeft UIInterfaceOrientationLandscapeRight";
				LD_RUNPATH_SEARCH_PATHS = (
					"$(inherited)",
					"@executable_path/Frameworks",
				);
				MARKETING_VERSION = 1.0;
				PRODUCT_BUNDLE_IDENTIFIER = "com.secondmove.-animatedimages.ValidatePostalcode";
				PRODUCT_NAME = "$(TARGET_NAME)";
				SWIFT_EMIT_LOC_STRINGS = YES;
				SWIFT_VERSION = 5.0;
				TARGETED_DEVICE_FAMILY = "1,2";
			};
			name = Release;
		};
		B69CB96A2D01D0E50066E762 /* Debug */ = {
			isa = XCBuildConfiguration;
			buildSettings = {
				BUNDLE_LOADER = "$(TEST_HOST)";
				CODE_SIGN_STYLE = Automatic;
				CURRENT_PROJECT_VERSION = 1;
				DEVELOPMENT_TEAM = 73XTRV58A2;
				GENERATE_INFOPLIST_FILE = YES;
				IPHONEOS_DEPLOYMENT_TARGET = 18.1;
				MARKETING_VERSION = 1.0;
				PRODUCT_BUNDLE_IDENTIFIER = "com.secondmove.-animatedimages.ValidatePostalcodeTests";
				PRODUCT_NAME = "$(TARGET_NAME)";
				SWIFT_EMIT_LOC_STRINGS = NO;
				SWIFT_VERSION = 5.0;
				TARGETED_DEVICE_FAMILY = "1,2";
				TEST_HOST = "$(BUILT_PRODUCTS_DIR)/ValidatePostalcode.app/$(BUNDLE_EXECUTABLE_FOLDER_PATH)/ValidatePostalcode";
			};
			name = Debug;
		};
		B69CB96B2D01D0E50066E762 /* Release */ = {
			isa = XCBuildConfiguration;
			buildSettings = {
				BUNDLE_LOADER = "$(TEST_HOST)";
				CODE_SIGN_STYLE = Automatic;
				CURRENT_PROJECT_VERSION = 1;
				DEVELOPMENT_TEAM = 73XTRV58A2;
				GENERATE_INFOPLIST_FILE = YES;
				IPHONEOS_DEPLOYMENT_TARGET = 18.1;
				MARKETING_VERSION = 1.0;
				PRODUCT_BUNDLE_IDENTIFIER = "com.secondmove.-animatedimages.ValidatePostalcodeTests";
				PRODUCT_NAME = "$(TARGET_NAME)";
				SWIFT_EMIT_LOC_STRINGS = NO;
				SWIFT_VERSION = 5.0;
				TARGETED_DEVICE_FAMILY = "1,2";
				TEST_HOST = "$(BUILT_PRODUCTS_DIR)/ValidatePostalcode.app/$(BUNDLE_EXECUTABLE_FOLDER_PATH)/ValidatePostalcode";
			};
			name = Release;
		};
		B69CB96D2D01D0E50066E762 /* Debug */ = {
			isa = XCBuildConfiguration;
			buildSettings = {
				CODE_SIGN_STYLE = Automatic;
				CURRENT_PROJECT_VERSION = 1;
				DEVELOPMENT_TEAM = 73XTRV58A2;
				GENERATE_INFOPLIST_FILE = YES;
				MARKETING_VERSION = 1.0;
				PRODUCT_BUNDLE_IDENTIFIER = "com.secondmove.-animatedimages.ValidatePostalcodeUITests";
				PRODUCT_NAME = "$(TARGET_NAME)";
				SWIFT_EMIT_LOC_STRINGS = NO;
				SWIFT_VERSION = 5.0;
				TARGETED_DEVICE_FAMILY = "1,2";
				TEST_TARGET_NAME = ValidatePostalcode;
			};
			name = Debug;
		};
		B69CB96E2D01D0E50066E762 /* Release */ = {
			isa = XCBuildConfiguration;
			buildSettings = {
				CODE_SIGN_STYLE = Automatic;
				CURRENT_PROJECT_VERSION = 1;
				DEVELOPMENT_TEAM = 73XTRV58A2;
				GENERATE_INFOPLIST_FILE = YES;
				MARKETING_VERSION = 1.0;
				PRODUCT_BUNDLE_IDENTIFIER = "com.secondmove.-animatedimages.ValidatePostalcodeUITests";
				PRODUCT_NAME = "$(TARGET_NAME)";
				SWIFT_EMIT_LOC_STRINGS = NO;
				SWIFT_VERSION = 5.0;
				TARGETED_DEVICE_FAMILY = "1,2";
				TEST_TARGET_NAME = ValidatePostalcode;
			};
			name = Release;
		};
/* End XCBuildConfiguration section */

/* Begin XCConfigurationList section */
		B69CB93D2D01D0E40066E762 /* Build configuration list for PBXProject "ValidatePostalcode" */ = {
			isa = XCConfigurationList;
			buildConfigurations = (
				B69CB9642D01D0E50066E762 /* Debug */,
				B69CB9652D01D0E50066E762 /* Release */,
			);
			defaultConfigurationIsVisible = 0;
			defaultConfigurationName = Release;
		};
		B69CB9662D01D0E50066E762 /* Build configuration list for PBXNativeTarget "ValidatePostalcode" */ = {
			isa = XCConfigurationList;
			buildConfigurations = (
				B69CB9672D01D0E50066E762 /* Debug */,
				B69CB9682D01D0E50066E762 /* Release */,
			);
			defaultConfigurationIsVisible = 0;
			defaultConfigurationName = Release;
		};
		B69CB9692D01D0E50066E762 /* Build configuration list for PBXNativeTarget "ValidatePostalcodeTests" */ = {
			isa = XCConfigurationList;
			buildConfigurations = (
				B69CB96A2D01D0E50066E762 /* Debug */,
				B69CB96B2D01D0E50066E762 /* Release */,
			);
			defaultConfigurationIsVisible = 0;
			defaultConfigurationName = Release;
		};
		B69CB96C2D01D0E50066E762 /* Build configuration list for PBXNativeTarget "ValidatePostalcodeUITests" */ = {
			isa = XCConfigurationList;
			buildConfigurations = (
				B69CB96D2D01D0E50066E762 /* Debug */,
				B69CB96E2D01D0E50066E762 /* Release */,
			);
			defaultConfigurationIsVisible = 0;
			defaultConfigurationName = Release;
		};
/* End XCConfigurationList section */
	};
	rootObject = B69CB93A2D01D0E40066E762 /* Project object */;
}
